# This file is autogenerated, do not edit; changes may be undone by the next 'dep ensure'.


[[projects]]
  name = "github.com/cenkalti/backoff"
  packages = ["."]
  revision = "2ea60e5f094469f9e65adb9cd103795b73ae743e"
  version = "v2.0.0"

[[projects]]
  branch = "master"
  name = "github.com/fullsailor/pkcs7"
  packages = ["."]
  revision = "1d5002593acb237433a98512c6343587b03ebe5d"

[[projects]]
  branch = "master"
  name = "golang.org/x/net"
  packages = ["context"]
  revision = "a35a21de978d84ffc92f010a153705b170b2f9d1"

[solve-meta]
  analyzer-name = "dep"
  analyzer-version = 1
  inputs-digest = "4c3b8e065a00b8aa697530e8165e8eb8d14a265ce4d94971d2049cb764aad2dc"
  solver-name = "gps-cdcl"
  solver-version = 1
